
Microsoft Visual Studio Solution File, Format Version 12.00
# Visual Studio Version 16
VisualStudioVersion = 16.0.809.0
MinimumVisualStudioVersion = 10.0.40219.1
Project("{FAE04EC0-301F-11D3-BF4B-00C04F79EFBC}") = "RestFlix", "RestFlix\RestFlix.csproj", "{1C1CB808-96A0-4E02-9CFD-45CBB0571411}"
EndProject
Global
	GlobalSection(SolutionConfigurationPlatforms) = preSolution
		Debug|Any CPU = Debug|Any CPU
		Release|Any CPU = Release|Any CPU
	EndGlobalSection
	GlobalSection(ProjectConfigurationPlatforms) = postSolution
		{1C1CB808-96A0-4E02-9CFD-45CBB0571411}.Debug|Any CPU.ActiveCfg = Debug|Any CPU
		{1C1CB808-96A0-4E02-9CFD-45CBB0571411}.Debug|Any CPU.Build.0 = Debug|Any CPU
		{1C1CB808-96A0-4E02-9CFD-45CBB0571411}.Release|Any CPU.ActiveCfg = Release|Any CPU
		{1C1CB808-96A0-4E02-9CFD-45CBB0571411}.Release|Any CPU.Build.0 = Release|Any CPU
	EndGlobalSection
	GlobalSection(SolutionProperties) = preSolution
		HideSolutionNode = FALSE
	EndGlobalSection
	GlobalSection(ExtensibilityGlobals) = postSolution
		SolutionGuid = {72770762-9679-483D-AFC3-65932DB86C66}
	EndGlobalSection
EndGlobal
